
Microsoft Visual Studio Solution File, Format Version 12.00
# Visual Studio Version 17
VisualStudioVersion = 17.9.34728.123
MinimumVisualStudioVersion = 10.0.40219.1
Project("{9A19103F-16F7-4668-BE54-9A1E7A4F7556}") = "OnlineEdu.API", "OnlineEdu.API\OnlineEdu.API.csproj", "{58EB2D2A-00BC-4B9E-A69B-A63DD1C59D38}"
EndProject
Project("{9A19103F-16F7-4668-BE54-9A1E7A4F7556}") = "OnlineEdu.EntityLayer", "OnlineEdu.EntityLayer\OnlineEdu.EntityLayer.csproj", "{2C0E973B-2C3C-4901-82EA-7C1855B72895}"
EndProject
Project("{9A19103F-16F7-4668-BE54-9A1E7A4F7556}") = "OnlineEdu.DataAccessLayer", "OnlineEdu.DataAccessLayer\OnlineEdu.DataAccessLayer.csproj", "{82C613B1-478B-4021-8545-7E8F31E36C2D}"
EndProject
Project("{9A19103F-16F7-4668-BE54-9A1E7A4F7556}") = "OnlineEdu.BusinessLayer", "OnlineEdu.BusinessLayer\OnlineEdu.BusinessLayer.csproj", "{7A4F166C-BDFE-4113-8213-E9F898B3EAB3}"
EndProject
Project("{9A19103F-16F7-4668-BE54-9A1E7A4F7556}") = "OnlineEdu.DtoLayer", "OnlineEdu.DtoLayer\OnlineEdu.DtoLayer.csproj", "{2CDD8396-37F9-4178-B58C-E25C72ED77BE}"
EndProject
Project("{9A19103F-16F7-4668-BE54-9A1E7A4F7556}") = "OnlineEdu.WebUI", "OnlineEdu.WebUI\OnlineEdu.WebUI.csproj", "{A5218884-F964-482E-BBB6-3279E70F11CC}"
EndProject
Global
	GlobalSection(SolutionConfigurationPlatforms) = preSolution
		Debug|Any CPU = Debug|Any CPU
		Release|Any CPU = Release|Any CPU
	EndGlobalSection
	GlobalSection(ProjectConfigurationPlatforms) = postSolution
		{58EB2D2A-00BC-4B9E-A69B-A63DD1C59D38}.Debug|Any CPU.ActiveCfg = Debug|Any CPU
		{58EB2D2A-00BC-4B9E-A69B-A63DD1C59D38}.Debug|Any CPU.Build.0 = Debug|Any CPU
		{58EB2D2A-00BC-4B9E-A69B-A63DD1C59D38}.Release|Any CPU.ActiveCfg = Release|Any CPU
		{58EB2D2A-00BC-4B9E-A69B-A63DD1C59D38}.Release|Any CPU.Build.0 = Release|Any CPU
		{2C0E973B-2C3C-4901-82EA-7C1855B72895}.Debug|Any CPU.ActiveCfg = Debug|Any CPU
		{2C0E973B-2C3C-4901-82EA-7C1855B72895}.Debug|Any CPU.Build.0 = Debug|Any CPU
		{2C0E973B-2C3C-4901-82EA-7C1855B72895}.Release|Any CPU.ActiveCfg = Release|Any CPU
		{2C0E973B-2C3C-4901-82EA-7C1855B72895}.Release|Any CPU.Build.0 = Release|Any CPU
		{82C613B1-478B-4021-8545-7E8F31E36C2D}.Debug|Any CPU.ActiveCfg = Debug|Any CPU
		{82C613B1-478B-4021-8545-7E8F31E36C2D}.Debug|Any CPU.Build.0 = Debug|Any CPU
		{82C613B1-478B-4021-8545-7E8F31E36C2D}.Release|Any CPU.ActiveCfg = Release|Any CPU
		{82C613B1-478B-4021-8545-7E8F31E36C2D}.Release|Any CPU.Build.0 = Release|Any CPU
		{7A4F166C-BDFE-4113-8213-E9F898B3EAB3}.Debug|Any CPU.ActiveCfg = Debug|Any CPU
		{7A4F166C-BDFE-4113-8213-E9F898B3EAB3}.Debug|Any CPU.Build.0 = Debug|Any CPU
		{7A4F166C-BDFE-4113-8213-E9F898B3EAB3}.Release|Any CPU.ActiveCfg = Release|Any CPU
		{7A4F166C-BDFE-4113-8213-E9F898B3EAB3}.Release|Any CPU.Build.0 = Release|Any CPU
		{2CDD8396-37F9-4178-B58C-E25C72ED77BE}.Debug|Any CPU.ActiveCfg = Debug|Any CPU
		{2CDD8396-37F9-4178-B58C-E25C72ED77BE}.Debug|Any CPU.Build.0 = Debug|Any CPU
		{2CDD8396-37F9-4178-B58C-E25C72ED77BE}.Release|Any CPU.ActiveCfg = Release|Any CPU
		{2CDD8396-37F9-4178-B58C-E25C72ED77BE}.Release|Any CPU.Build.0 = Release|Any CPU
		{A5218884-F964-482E-BBB6-3279E70F11CC}.Debug|Any CPU.ActiveCfg = Debug|Any CPU
		{A5218884-F964-482E-BBB6-3279E70F11CC}.Debug|Any CPU.Build.0 = Debug|Any CPU
		{A5218884-F964-482E-BBB6-3279E70F11CC}.Release|Any CPU.ActiveCfg = Release|Any CPU
		{A5218884-F964-482E-BBB6-3279E70F11CC}.Release|Any CPU.Build.0 = Release|Any CPU
	EndGlobalSection
	GlobalSection(SolutionProperties) = preSolution
		HideSolutionNode = FALSE
	EndGlobalSection
	GlobalSection(ExtensibilityGlobals) = postSolution
		SolutionGuid = {4791E38C-9374-404E-B3D2-F77A1FCCEFEF}
	EndGlobalSection
EndGlobal
